{
  "name": "HotelBookingNew",
  "lockfileVersion": 2,
  "requires": true,
  "packages": {
    "": {
      "dependencies": {
        "next": "^12.1.6-canary.4"
      }
    },
    "node_modules/@next/env": {
      "version": "12.1.6-canary.4",
      "resolved": "https://registry.npmjs.org/@next/env/-/env-12.1.6-canary.4.tgz",
      "integrity": "sha512-Y2eXNI8y8Oedt6U/fNeMZjtF//UygIhbKRCTUC79hUSfK603+qRRaioTWpP4CftRzTYua5K+AS5O2RFP87ixOQ=="
    },
    "node_modules/@next/swc-android-arm-eabi": {
      "version": "12.1.6-canary.4",
      "resolved": "https://registry.npmjs.org/@next/swc-android-arm-eabi/-/swc-android-arm-eabi-12.1.6-canary.4.tgz",
      "integrity": "sha512-08Oi9wbZVk4WNYxIgiWQ1DV5k9brXDSS9P/XmfEDHCCrKSsVPwxDrGpkmgSFRERdG6AM7tRqO2+9mL7XTawRtA==",
      "cpu": [
        "arm"
      ],
      "optional": true,
      "os": [
        "android"
      ],
      "engines": {
        "node": ">= 10"
      }
    },
    "node_modules/@next/swc-android-arm64": {
      "version": "12.1.6-canary.4",
      "resolved": "https://registry.npmjs.org/@next/swc-android-arm64/-/swc-android-arm64-12.1.6-canary.4.tgz",
      "integrity": "sha512-2MRBrAIhB+2vSVNgJOU4u/2/9pqJYfZuJIzVYOVndKP67Tjd9jaXUTsr5Jrb2VRitf8L/jOMeaiIwJnd8kyY5Q==",
      "cpu": [
        "arm64"
      ],
      "optional": true,
      "os": [
        "android"
      ],
      "engines": {
        "node": ">= 10"
      }
    },
    "node_modules/@next/swc-darwin-arm64": {
      "version": "12.1.6-canary.4",
      "resolved": "https://registry.npmjs.org/@next/swc-darwin-arm64/-/swc-darwin-arm64-12.1.6-canary.4.tgz",
      "integrity": "sha512-+CYkRXtPTMg3iK2jc3D9jj2GPazb0HihjpHGxRbDIkXgf0S3yN2aZywqsQ60L9YGFZk2+OZspt/L5lpFmf/Z2w==",
      "cpu": [
        "arm64"
      ],
      "optional": true,
      "os": [
        "darwin"
      ],
      "engines": {
        "node": ">= 10"
      }
    },
    "node_modules/@next/swc-darwin-x64": {
      "version": "12.1.6-canary.4",
      "resolved": "https://registry.npmjs.org/@next/swc-darwin-x64/-/swc-darwin-x64-12.1.6-canary.4.tgz",
      "integrity": "sha512-0i+S22/xAkPXCfBZrjp9KrrmjfZw6dznSjbh4V3WuA8IY6VkDb/CwL5RLGSW05Ijhysg9yoqAuTH+whYtP8CFA==",
      "cpu": [
        "x64"
      ],
      "optional": true,
      "os": [
        "darwin"
      ],
      "engines": {
        "node": ">= 10"
      }
    },
    "node_modules/@next/swc-linux-arm-gnueabihf": {
      "version": "12.1.6-canary.4",
      "resolved": "https://registry.npmjs.org/@next/swc-linux-arm-gnueabihf/-/swc-linux-arm-gnueabihf-12.1.6-canary.4.tgz",
      "integrity": "sha512-HbQKQaL286C+J4DHfDgWshCHVWY9gZ2fdN00KlxVHwmesMTr4ES62UtbJjGlOhXztp2j8AwyxGNS8Vx5y6VDpg==",
      "cpu": [
        "arm"
      ],
      "optional": true,
      "os": [
        "linux"
      ],
      "engines": {
        "node": ">= 10"
      }
    },
    "node_modules/@next/swc-linux-arm64-gnu": {
      "version": "12.1.6-canary.4",
      "resolved": "https://registry.npmjs.org/@next/swc-linux-arm64-gnu/-/swc-linux-arm64-gnu-12.1.6-canary.4.tgz",
      "integrity": "sha512-TAcHS+6lytv3eGWOsVYdBxR2z58EX6ZPlCuLkB64ieCja5bd4zR+6WaFNuZDsCtwUPcfp0ecsA0fLvaiZBOzFg==",
      "cpu": [
        "arm64"
      ],
      "optional": true,
      "os": [
        "linux"
      ],
      "engines": {
        "node": ">= 10"
      }
    },
    "node_modules/@next/swc-linux-arm64-musl": {
      "version": "12.1.6-canary.4",
      "resolved": "https://registry.npmjs.org/@next/swc-linux-arm64-musl/-/swc-linux-arm64-musl-12.1.6-canary.4.tgz",
      "integrity": "sha512-KwhMiig6ujfHV3y+2q09kXyBusABC3s6j2iznN2jiCcK/A94lztXsU8/XAG2+lTl2iXyWk1srY3+xnLS3qYBWA==",
      "cpu": [
        "arm64"
      ],
      "optional": true,
      "os": [
        "linux"
      ],
      "engines": {
        "node": ">= 10"
      }
    },
    "node_modules/@next/swc-linux-x64-gnu": {
      "version": "12.1.6-canary.4",
      "resolved": "https://registry.npmjs.org/@next/swc-linux-x64-gnu/-/swc-linux-x64-gnu-12.1.6-canary.4.tgz",
      "integrity": "sha512-J+k6WgZSl7pF09c7NgBk2cJo627dwUVwRKSNQy8oe4C84MCt3FgSnp5oL9/Kim+1x7aVOB+RB5RJb8pOs3NWxg==",
      "cpu": [
        "x64"
      ],
      "optional": true,
      "os": [
        "linux"
      ],
      "engines": {
        "node": ">= 10"
      }
    },
    "node_modules/@next/swc-linux-x64-musl": {
      "version": "12.1.6-canary.4",
      "resolved": "https://registry.npmjs.org/@next/swc-linux-x64-musl/-/swc-linux-x64-musl-12.1.6-canary.4.tgz",
      "integrity": "sha512-/jNX1lzHqi7DFIO6hayG1xFyLiSD18I2mLm+8EXk872HuD5DaplP5G6O20WaiiqTh3uw0xO3eilLMywRI80S7A==",
      "cpu": [
        "x64"
      ],
      "optional": true,
      "os": [
        "linux"
      ],
      "engines": {
        "node": ">= 10"
      }
    },
    "node_modules/@next/swc-win32-arm64-msvc": {
      "version": "12.1.6-canary.4",
      "resolved": "https://registry.npmjs.org/@next/swc-win32-arm64-msvc/-/swc-win32-arm64-msvc-12.1.6-canary.4.tgz",
      "integrity": "sha512-jHjJej4X3ITgXeDKCaFXFW+/P0wm/mN78RYVgkRpqDd6YbCYSIQwD80UjRIDY3pEk7oCHElOQNn5iJJ1QAwukw==",
      "cpu": [
        "arm64"
      ],
      "optional": true,
      "os": [
        "win32"
      ],
      "engines": {
        "node": ">= 10"
      }
    },
    "node_modules/@next/swc-win32-ia32-msvc": {
      "version": "12.1.6-canary.4",
      "resolved": "https://registry.npmjs.org/@next/swc-win32-ia32-msvc/-/swc-win32-ia32-msvc-12.1.6-canary.4.tgz",
      "integrity": "sha512-lnPBeZZ4Aj1bX4YZz0tFM0XAVc3xd56ujdbT9ngTCiOSOfgLrjPCEjjeRsUbKLC46SYGp3YFroANtaFOxYBgcg==",
      "cpu": [
        "ia32"
      ],
      "optional": true,
      "os": [
        "win32"
      ],
      "engines": {
        "node": ">= 10"
      }
    },
    "node_modules/@next/swc-win32-x64-msvc": {
      "version": "12.1.6-canary.4",
      "resolved": "https://registry.npmjs.org/@next/swc-win32-x64-msvc/-/swc-win32-x64-msvc-12.1.6-canary.4.tgz",
      "integrity": "sha512-2THUX+5q4uNcTlPCGa2xmqOvFl1ebd5Ack9UWRwyhpA5Yv8Nx+avHskydxxVxAH2IhAIaouv2iaE9NMUh+DqSg==",
      "cpu": [
        "x64"
      ],
      "optional": true,
      "os": [
        "win32"
      ],
      "engines": {
        "node": ">= 10"
      }
    },
    "node_modules/caniuse-lite": {
      "version": "1.0.30001332",
      "resolved": "https://registry.npmjs.org/caniuse-lite/-/caniuse-lite-1.0.30001332.tgz",
      "integrity": "sha512-10T30NYOEQtN6C11YGg411yebhvpnC6Z102+B95eAsN0oB6KUs01ivE8u+G6FMIRtIrVlYXhL+LUwQ3/hXwDWw==",
      "funding": [
        {
          "type": "opencollective",
          "url": "https://opencollective.com/browserslist"
        },
        {
          "type": "tidelift",
          "url": "https://tidelift.com/funding/github/npm/caniuse-lite"
        }
      ]
    },
    "node_modules/js-tokens": {
      "version": "4.0.0",
      "resolved": "https://registry.npmjs.org/js-tokens/-/js-tokens-4.0.0.tgz",
      "integrity": "sha512-RdJUflcE3cUzKiMqQgsCu06FPu9UdIJO0beYbPhHN4k6apgJtifcoCtT9bcxOpYBtpD2kCM6Sbzg4CausW/PKQ==",
      "peer": true
    },
    "node_modules/loose-envify": {
      "version": "1.4.0",
      "resolved": "https://registry.npmjs.org/loose-envify/-/loose-envify-1.4.0.tgz",
      "integrity": "sha512-lyuxPGr/Wfhrlem2CL/UcnUc1zcqKAImBDzukY7Y5F/yQiNdko6+fRLevlw1HgMySw7f611UIY408EtxRSoK3Q==",
      "peer": true,
      "dependencies": {
        "js-tokens": "^3.0.0 || ^4.0.0"
      },
      "bin": {
        "loose-envify": "cli.js"
      }
    },
    "node_modules/nanoid": {
      "version": "3.3.3",
      "resolved": "https://registry.npmjs.org/nanoid/-/nanoid-3.3.3.tgz",
      "integrity": "sha512-p1sjXuopFs0xg+fPASzQ28agW1oHD7xDsd9Xkf3T15H3c/cifrFHVwrh74PdoklAPi+i7MdRsE47vm2r6JoB+w==",
      "bin": {
        "nanoid": "bin/nanoid.cjs"
      },
      "engines": {
        "node": "^10 || ^12 || ^13.7 || ^14 || >=15.0.1"
      }
    },
    "node_modules/next": {
      "version": "12.1.6-canary.4",
      "resolved": "https://registry.npmjs.org/next/-/next-12.1.6-canary.4.tgz",
      "integrity": "sha512-u5lKspI0xTVPnQw696aYxVwfDCJMwjn6coO6zckpeMRAIwDMDH45P4xvkLdJxz/C1No9kZ93ppKGHR2yKlmJBw==",
      "dependencies": {
        "@next/env": "12.1.6-canary.4",
        "caniuse-lite": "^1.0.30001283",
        "postcss": "8.4.5",
        "styled-jsx": "5.0.1"
      },
      "bin": {
        "next": "dist/bin/next"
      },
      "engines": {
        "node": ">=12.22.0"
      },
      "optionalDependencies": {
        "@next/swc-android-arm-eabi": "12.1.6-canary.4",
        "@next/swc-android-arm64": "12.1.6-canary.4",
        "@next/swc-darwin-arm64": "12.1.6-canary.4",
        "@next/swc-darwin-x64": "12.1.6-canary.4",
        "@next/swc-linux-arm-gnueabihf": "12.1.6-canary.4",
        "@next/swc-linux-arm64-gnu": "12.1.6-canary.4",
        "@next/swc-linux-arm64-musl": "12.1.6-canary.4",
        "@next/swc-linux-x64-gnu": "12.1.6-canary.4",
        "@next/swc-linux-x64-musl": "12.1.6-canary.4",
        "@next/swc-win32-arm64-msvc": "12.1.6-canary.4",
        "@next/swc-win32-ia32-msvc": "12.1.6-canary.4",
        "@next/swc-win32-x64-msvc": "12.1.6-canary.4"
      },
      "peerDependencies": {
        "fibers": ">= 3.1.0",
        "node-sass": "^6.0.0 || ^7.0.0",
        "react": "^17.0.2 || ^18.0.0-0",
        "react-dom": "^17.0.2 || ^18.0.0-0",
        "sass": "^1.3.0"
      },
      "peerDependenciesMeta": {
        "fibers": {
          "optional": true
        },
        "node-sass": {
          "optional": true
        },
        "sass": {
          "optional": true
        }
      }
    },
    "node_modules/picocolors": {
      "version": "1.0.0",
      "resolved": "https://registry.npmjs.org/picocolors/-/picocolors-1.0.0.tgz",
      "integrity": "sha512-1fygroTLlHu66zi26VoTDv8yRgm0Fccecssto+MhsZ0D/DGW2sm8E8AjW7NU5VVTRt5GxbeZ5qBuJr+HyLYkjQ=="
    },
    "node_modules/postcss": {
      "version": "8.4.5",
      "resolved": "https://registry.npmjs.org/postcss/-/postcss-8.4.5.tgz",
      "integrity": "sha512-jBDboWM8qpaqwkMwItqTQTiFikhs/67OYVvblFFTM7MrZjt6yMKd6r2kgXizEbTTljacm4NldIlZnhbjr84QYg==",
      "dependencies": {
        "nanoid": "^3.1.30",
        "picocolors": "^1.0.0",
        "source-map-js": "^1.0.1"
      },
      "engines": {
        "node": "^10 || ^12 || >=14"
      },
      "funding": {
        "type": "opencollective",
        "url": "https://opencollective.com/postcss/"
      }
    },
    "node_modules/react": {
      "version": "18.0.0",
      "resolved": "https://registry.npmjs.org/react/-/react-18.0.0.tgz",
      "integrity": "sha512-x+VL6wbT4JRVPm7EGxXhZ8w8LTROaxPXOqhlGyVSrv0sB1jkyFGgXxJ8LVoPRLvPR6/CIZGFmfzqUa2NYeMr2A==",
      "peer": true,
      "dependencies": {
        "loose-envify": "^1.1.0"
      },
      "engines": {
        "node": ">=0.10.0"
      }
    },
    "node_modules/react-dom": {
      "version": "18.0.0",
      "resolved": "https://registry.npmjs.org/react-dom/-/react-dom-18.0.0.tgz",
      "integrity": "sha512-XqX7uzmFo0pUceWFCt7Gff6IyIMzFUn7QMZrbrQfGxtaxXZIcGQzoNpRLE3fQLnS4XzLLPMZX2T9TRcSrasicw==",
      "peer": true,
      "dependencies": {
        "loose-envify": "^1.1.0",
        "scheduler": "^0.21.0"
      },
      "peerDependencies": {
        "react": "^18.0.0"
      }
    },
    "node_modules/scheduler": {
      "version": "0.21.0",
      "resolved": "https://registry.npmjs.org/scheduler/-/scheduler-0.21.0.tgz",
      "integrity": "sha512-1r87x5fz9MXqswA2ERLo0EbOAU74DpIUO090gIasYTqlVoJeMcl+Z1Rg7WHz+qtPujhS/hGIt9kxZOYBV3faRQ==",
      "peer": true,
      "dependencies": {
        "loose-envify": "^1.1.0"
      }
    },
    "node_modules/source-map-js": {
      "version": "1.0.2",
      "resolved": "https://registry.npmjs.org/source-map-js/-/source-map-js-1.0.2.tgz",
      "integrity": "sha512-R0XvVJ9WusLiqTCEiGCmICCMplcCkIwwR11mOSD9CR5u+IXYdiseeEuXCVAjS54zqwkLcPNnmU4OeJ6tUrWhDw==",
      "engines": {
        "node": ">=0.10.0"
      }
    },
    "node_modules/styled-jsx": {
      "version": "5.0.1",
      "resolved": "https://registry.npmjs.org/styled-jsx/-/styled-jsx-5.0.1.tgz",
      "integrity": "sha512-+PIZ/6Uk40mphiQJJI1202b+/dYeTVd9ZnMPR80pgiWbjIwvN2zIp4r9et0BgqBuShh48I0gttPlAXA7WVvBxw==",
      "engines": {
        "node": ">= 12.0.0"
      },
      "peerDependencies": {
        "react": ">= 16.8.0 || 17.x.x || ^18.0.0-0"
      },
      "peerDependenciesMeta": {
        "@babel/core": {
          "optional": true
        },
        "babel-plugin-macros": {
          "optional": true
        }
      }
    }
  },
  "dependencies": {
    "@next/env": {
      "version": "12.1.6-canary.4",
      "resolved": "https://registry.npmjs.org/@next/env/-/env-12.1.6-canary.4.tgz",
      "integrity": "sha512-Y2eXNI8y8Oedt6U/fNeMZjtF//UygIhbKRCTUC79hUSfK603+qRRaioTWpP4CftRzTYua5K+AS5O2RFP87ixOQ=="
    },
    "@next/swc-android-arm-eabi": {
      "version": "12.1.6-canary.4",
      "resolved": "https://registry.npmjs.org/@next/swc-android-arm-eabi/-/swc-android-arm-eabi-12.1.6-canary.4.tgz",
      "integrity": "sha512-08Oi9wbZVk4WNYxIgiWQ1DV5k9brXDSS9P/XmfEDHCCrKSsVPwxDrGpkmgSFRERdG6AM7tRqO2+9mL7XTawRtA==",
      "optional": true
    },
    "@next/swc-android-arm64": {
      "version": "12.1.6-canary.4",
      "resolved": "https://registry.npmjs.org/@next/swc-android-arm64/-/swc-android-arm64-12.1.6-canary.4.tgz",
      "integrity": "sha512-2MRBrAIhB+2vSVNgJOU4u/2/9pqJYfZuJIzVYOVndKP67Tjd9jaXUTsr5Jrb2VRitf8L/jOMeaiIwJnd8kyY5Q==",
      "optional": true
    },
    "@next/swc-darwin-arm64": {
      "version": "12.1.6-canary.4",
      "resolved": "https://registry.npmjs.org/@next/swc-darwin-arm64/-/swc-darwin-arm64-12.1.6-canary.4.tgz",
      "integrity": "sha512-+CYkRXtPTMg3iK2jc3D9jj2GPazb0HihjpHGxRbDIkXgf0S3yN2aZywqsQ60L9YGFZk2+OZspt/L5lpFmf/Z2w==",
      "optional": true
    },
    "@next/swc-darwin-x64": {
      "version": "12.1.6-canary.4",
      "resolved": "https://registry.npmjs.org/@next/swc-darwin-x64/-/swc-darwin-x64-12.1.6-canary.4.tgz",
      "integrity": "sha512-0i+S22/xAkPXCfBZrjp9KrrmjfZw6dznSjbh4V3WuA8IY6VkDb/CwL5RLGSW05Ijhysg9yoqAuTH+whYtP8CFA==",
      "optional": true
    },
    "@next/swc-linux-arm-gnueabihf": {
      "version": "12.1.6-canary.4",
      "resolved": "https://registry.npmjs.org/@next/swc-linux-arm-gnueabihf/-/swc-linux-arm-gnueabihf-12.1.6-canary.4.tgz",
      "integrity": "sha512-HbQKQaL286C+J4DHfDgWshCHVWY9gZ2fdN00KlxVHwmesMTr4ES62UtbJjGlOhXztp2j8AwyxGNS8Vx5y6VDpg==",
      "optional": true
    },
    "@next/swc-linux-arm64-gnu": {
      "version": "12.1.6-canary.4",
      "resolved": "https://registry.npmjs.org/@next/swc-linux-arm64-gnu/-/swc-linux-arm64-gnu-12.1.6-canary.4.tgz",
      "integrity": "sha512-TAcHS+6lytv3eGWOsVYdBxR2z58EX6ZPlCuLkB64ieCja5bd4zR+6WaFNuZDsCtwUPcfp0ecsA0fLvaiZBOzFg==",
      "optional": true
    },
    "@next/swc-linux-arm64-musl": {
      "version": "12.1.6-canary.4",
      "resolved": "https://registry.npmjs.org/@next/swc-linux-arm64-musl/-/swc-linux-arm64-musl-12.1.6-canary.4.tgz",
      "integrity": "sha512-KwhMiig6ujfHV3y+2q09kXyBusABC3s6j2iznN2jiCcK/A94lztXsU8/XAG2+lTl2iXyWk1srY3+xnLS3qYBWA==",
      "optional": true
    },
    "@next/swc-linux-x64-gnu": {
      "version": "12.1.6-canary.4",
      "resolved": "https://registry.npmjs.org/@next/swc-linux-x64-gnu/-/swc-linux-x64-gnu-12.1.6-canary.4.tgz",
      "integrity": "sha512-J+k6WgZSl7pF09c7NgBk2cJo627dwUVwRKSNQy8oe4C84MCt3FgSnp5oL9/Kim+1x7aVOB+RB5RJb8pOs3NWxg==",
      "optional": true
    },
    "@next/swc-linux-x64-musl": {
      "version": "12.1.6-canary.4",
      "resolved": "https://registry.npmjs.org/@next/swc-linux-x64-musl/-/swc-linux-x64-musl-12.1.6-canary.4.tgz",
      "integrity": "sha512-/jNX1lzHqi7DFIO6hayG1xFyLiSD18I2mLm+8EXk872HuD5DaplP5G6O20WaiiqTh3uw0xO3eilLMywRI80S7A==",
      "optional": true
    },
    "@next/swc-win32-arm64-msvc": {
      "version": "12.1.6-canary.4",
      "resolved": "https://registry.npmjs.org/@next/swc-win32-arm64-msvc/-/swc-win32-arm64-msvc-12.1.6-canary.4.tgz",
      "integrity": "sha512-jHjJej4X3ITgXeDKCaFXFW+/P0wm/mN78RYVgkRpqDd6YbCYSIQwD80UjRIDY3pEk7oCHElOQNn5iJJ1QAwukw==",
      "optional": true
    },
    "@next/swc-win32-ia32-msvc": {
      "version": "12.1.6-canary.4",
      "resolved": "https://registry.npmjs.org/@next/swc-win32-ia32-msvc/-/swc-win32-ia32-msvc-12.1.6-canary.4.tgz",
      "integrity": "sha512-lnPBeZZ4Aj1bX4YZz0tFM0XAVc3xd56ujdbT9ngTCiOSOfgLrjPCEjjeRsUbKLC46SYGp3YFroANtaFOxYBgcg==",
      "optional": true
    },
    "@next/swc-win32-x64-msvc": {
      "version": "12.1.6-canary.4",
      "resolved": "https://registry.npmjs.org/@next/swc-win32-x64-msvc/-/swc-win32-x64-msvc-12.1.6-canary.4.tgz",
      "integrity": "sha512-2THUX+5q4uNcTlPCGa2xmqOvFl1ebd5Ack9UWRwyhpA5Yv8Nx+avHskydxxVxAH2IhAIaouv2iaE9NMUh+DqSg==",
      "optional": true
    },
    "caniuse-lite": {
      "version": "1.0.30001332",
      "resolved": "https://registry.npmjs.org/caniuse-lite/-/caniuse-lite-1.0.30001332.tgz",
      "integrity": "sha512-10T30NYOEQtN6C11YGg411yebhvpnC6Z102+B95eAsN0oB6KUs01ivE8u+G6FMIRtIrVlYXhL+LUwQ3/hXwDWw=="
    },
    "js-tokens": {
      "version": "4.0.0",
      "resolved": "https://registry.npmjs.org/js-tokens/-/js-tokens-4.0.0.tgz",
      "integrity": "sha512-RdJUflcE3cUzKiMqQgsCu06FPu9UdIJO0beYbPhHN4k6apgJtifcoCtT9bcxOpYBtpD2kCM6Sbzg4CausW/PKQ==",
      "peer": true
    },
    "loose-envify": {
      "version": "1.4.0",
      "resolved": "https://registry.npmjs.org/loose-envify/-/loose-envify-1.4.0.tgz",
      "integrity": "sha512-lyuxPGr/Wfhrlem2CL/UcnUc1zcqKAImBDzukY7Y5F/yQiNdko6+fRLevlw1HgMySw7f611UIY408EtxRSoK3Q==",
      "peer": true,
      "requires": {
        "js-tokens": "^3.0.0 || ^4.0.0"
      }
    },
    "nanoid": {
      "version": "3.3.3",
      "resolved": "https://registry.npmjs.org/nanoid/-/nanoid-3.3.3.tgz",
      "integrity": "sha512-p1sjXuopFs0xg+fPASzQ28agW1oHD7xDsd9Xkf3T15H3c/cifrFHVwrh74PdoklAPi+i7MdRsE47vm2r6JoB+w=="
    },
    "next": {
      "version": "12.1.6-canary.4",
      "resolved": "https://registry.npmjs.org/next/-/next-12.1.6-canary.4.tgz",
      "integrity": "sha512-u5lKspI0xTVPnQw696aYxVwfDCJMwjn6coO6zckpeMRAIwDMDH45P4xvkLdJxz/C1No9kZ93ppKGHR2yKlmJBw==",
      "requires": {
        "@next/env": "12.1.6-canary.4",
        "@next/swc-android-arm-eabi": "12.1.6-canary.4",
        "@next/swc-android-arm64": "12.1.6-canary.4",
        "@next/swc-darwin-arm64": "12.1.6-canary.4",
        "@next/swc-darwin-x64": "12.1.6-canary.4",
        "@next/swc-linux-arm-gnueabihf": "12.1.6-canary.4",
        "@next/swc-linux-arm64-gnu": "12.1.6-canary.4",
        "@next/swc-linux-arm64-musl": "12.1.6-canary.4",
        "@next/swc-linux-x64-gnu": "12.1.6-canary.4",
        "@next/swc-linux-x64-musl": "12.1.6-canary.4",
        "@next/swc-win32-arm64-msvc": "12.1.6-canary.4",
        "@next/swc-win32-ia32-msvc": "12.1.6-canary.4",
        "@next/swc-win32-x64-msvc": "12.1.6-canary.4",
        "caniuse-lite": "^1.0.30001283",
        "postcss": "8.4.5",
        "styled-jsx": "5.0.1"
      }
    },
    "picocolors": {
      "version": "1.0.0",
      "resolved": "https://registry.npmjs.org/picocolors/-/picocolors-1.0.0.tgz",
      "integrity": "sha512-1fygroTLlHu66zi26VoTDv8yRgm0Fccecssto+MhsZ0D/DGW2sm8E8AjW7NU5VVTRt5GxbeZ5qBuJr+HyLYkjQ=="
    },
    "postcss": {
      "version": "8.4.5",
      "resolved": "https://registry.npmjs.org/postcss/-/postcss-8.4.5.tgz",
      "integrity": "sha512-jBDboWM8qpaqwkMwItqTQTiFikhs/67OYVvblFFTM7MrZjt6yMKd6r2kgXizEbTTljacm4NldIlZnhbjr84QYg==",
      "requires": {
        "nanoid": "^3.1.30",
        "picocolors": "^1.0.0",
        "source-map-js": "^1.0.1"
      }
    },
    "react": {
      "version": "18.0.0",
      "resolved": "https://registry.npmjs.org/react/-/react-18.0.0.tgz",
      "integrity": "sha512-x+VL6wbT4JRVPm7EGxXhZ8w8LTROaxPXOqhlGyVSrv0sB1jkyFGgXxJ8LVoPRLvPR6/CIZGFmfzqUa2NYeMr2A==",
      "peer": true,
      "requires": {
        "loose-envify": "^1.1.0"
      }
    },
    "react-dom": {
      "version": "18.0.0",
      "resolved": "https://registry.npmjs.org/react-dom/-/react-dom-18.0.0.tgz",
      "integrity": "sha512-XqX7uzmFo0pUceWFCt7Gff6IyIMzFUn7QMZrbrQfGxtaxXZIcGQzoNpRLE3fQLnS4XzLLPMZX2T9TRcSrasicw==",
      "peer": true,
      "requires": {
        "loose-envify": "^1.1.0",
        "scheduler": "^0.21.0"
      }
    },
    "scheduler": {
      "version": "0.21.0",
      "resolved": "https://registry.npmjs.org/scheduler/-/scheduler-0.21.0.tgz",
      "integrity": "sha512-1r87x5fz9MXqswA2ERLo0EbOAU74DpIUO090gIasYTqlVoJeMcl+Z1Rg7WHz+qtPujhS/hGIt9kxZOYBV3faRQ==",
      "peer": true,
      "requires": {
        "loose-envify": "^1.1.0"
      }
    },
    "source-map-js": {
      "version": "1.0.2",
      "resolved": "https://registry.npmjs.org/source-map-js/-/source-map-js-1.0.2.tgz",
      "integrity": "sha512-R0XvVJ9WusLiqTCEiGCmICCMplcCkIwwR11mOSD9CR5u+IXYdiseeEuXCVAjS54zqwkLcPNnmU4OeJ6tUrWhDw=="
    },
    "styled-jsx": {
      "version": "5.0.1",
      "resolved": "https://registry.npmjs.org/styled-jsx/-/styled-jsx-5.0.1.tgz",
      "integrity": "sha512-+PIZ/6Uk40mphiQJJI1202b+/dYeTVd9ZnMPR80pgiWbjIwvN2zIp4r9et0BgqBuShh48I0gttPlAXA7WVvBxw==",
      "requires": {}
    }
  }
}
